// !$*UTF8*$!
{
	archiveVersion = 1;
	classes = {
	};
	objectVersion = 56;
	objects = {

/* Begin PBXBuildFile section */
		A7219B112C2BCAFB001A94EB /* AppDelegate.swift in Sources */ = {isa = PBXBuildFile; fileRef = A7219B102C2BCAFB001A94EB /* AppDelegate.swift */; };
		A7219B132C2BCAFB001A94EB /* SceneDelegate.swift in Sources */ = {isa = PBXBuildFile; fileRef = A7219B122C2BCAFB001A94EB /* SceneDelegate.swift */; };
		A7219B152C2BCAFB001A94EB /* ViewController.swift in Sources */ = {isa = PBXBuildFile; fileRef = A7219B142C2BCAFB001A94EB /* ViewController.swift */; };
		A7219B182C2BCAFB001A94EB /* Base in Resources */ = {isa = PBXBuildFile; fileRef = A7219B172C2BCAFB001A94EB /* Base */; };
		A7219B1A2C2BCAFD001A94EB /* Assets.xcassets in Resources */ = {isa = PBXBuildFile; fileRef = A7219B192C2BCAFD001A94EB /* Assets.xcassets */; };
		A7219B1D2C2BCAFD001A94EB /* Base in Resources */ = {isa = PBXBuildFile; fileRef = A7219B1C2C2BCAFD001A94EB /* Base */; };
		A7219B282C2BCAFE001A94EB /* ThreadsTests.swift in Sources */ = {isa = PBXBuildFile; fileRef = A7219B272C2BCAFE001A94EB /* ThreadsTests.swift */; };
		A7219B322C2BCAFE001A94EB /* ThreadsUITests.swift in Sources */ = {isa = PBXBuildFile; fileRef = A7219B312C2BCAFE001A94EB /* ThreadsUITests.swift */; };
		A7219B342C2BCAFE001A94EB /* ThreadsUITestsLaunchTests.swift in Sources */ = {isa = PBXBuildFile; fileRef = A7219B332C2BCAFE001A94EB /* ThreadsUITestsLaunchTests.swift */; };
/* End PBXBuildFile section */

/* Begin PBXContainerItemProxy section */
		A7219B242C2BCAFE001A94EB /* PBXContainerItemProxy */ = {
			isa = PBXContainerItemProxy;
			containerPortal = A7219B052C2BCAFB001A94EB /* Project object */;
			proxyType = 1;
			remoteGlobalIDString = A7219B0C2C2BCAFB001A94EB;
			remoteInfo = Threads;
		};
		A7219B2E2C2BCAFE001A94EB /* PBXContainerItemProxy */ = {
			isa = PBXContainerItemProxy;
			containerPortal = A7219B052C2BCAFB001A94EB /* Project object */;
			proxyType = 1;
			remoteGlobalIDString = A7219B0C2C2BCAFB001A94EB;
			remoteInfo = Threads;
		};
/* End PBXContainerItemProxy section */

/* Begin PBXFileReference section */
		A7219B0D2C2BCAFB001A94EB /* Threads.app */ = {isa = PBXFileReference; explicitFileType = wrapper.application; includeInIndex = 0; path = Threads.app; sourceTree = BUILT_PRODUCTS_DIR; };
		A7219B102C2BCAFB001A94EB /* AppDelegate.swift */ = {isa = PBXFileReference; lastKnownFileType = sourcecode.swift; path = AppDelegate.swift; sourceTree = "<group>"; };
		A7219B122C2BCAFB001A94EB /* SceneDelegate.swift */ = {isa = PBXFileReference; lastKnownFileType = sourcecode.swift; path = SceneDelegate.swift; sourceTree = "<group>"; };
		A7219B142C2BCAFB001A94EB /* ViewController.swift */ = {isa = PBXFileReference; lastKnownFileType = sourcecode.swift; path = ViewController.swift; sourceTree = "<group>"; };
		A7219B172C2BCAFB001A94EB /* Base */ = {isa = PBXFileReference; lastKnownFileType = file.storyboard; name = Base; path = Base.lproj/Main.storyboard; sourceTree = "<group>"; };
		A7219B192C2BCAFD001A94EB /* Assets.xcassets */ = {isa = PBXFileReference; lastKnownFileType = folder.assetcatalog; path = Assets.xcassets; sourceTree = "<group>"; };
		A7219B1C2C2BCAFD001A94EB /* Base */ = {isa = PBXFileReference; lastKnownFileType = file.storyboard; name = Base; path = Base.lproj/LaunchScreen.storyboard; sourceTree = "<group>"; };
		A7219B1E2C2BCAFD001A94EB /* Info.plist */ = {isa = PBXFileReference; lastKnownFileType = text.plist.xml; path = Info.plist; sourceTree = "<group>"; };
		A7219B232C2BCAFE001A94EB /* ThreadsTests.xctest */ = {isa = PBXFileReference; explicitFileType = wrapper.cfbundle; includeInIndex = 0; path = ThreadsTests.xctest; sourceTree = BUILT_PRODUCTS_DIR; };
		A7219B272C2BCAFE001A94EB /* ThreadsTests.swift */ = {isa = PBXFileReference; lastKnownFileType = sourcecode.swift; path = ThreadsTests.swift; sourceTree = "<group>"; };
		A7219B2D2C2BCAFE001A94EB /* ThreadsUITests.xctest */ = {isa = PBXFileReference; explicitFileType = wrapper.cfbundle; includeInIndex = 0; path = ThreadsUITests.xctest; sourceTree = BUILT_PRODUCTS_DIR; };
		A7219B312C2BCAFE001A94EB /* ThreadsUITests.swift */ = {isa = PBXFileReference; lastKnownFileType = sourcecode.swift; path = ThreadsUITests.swift; sourceTree = "<group>"; };
		A7219B332C2BCAFE001A94EB /* ThreadsUITestsLaunchTests.swift */ = {isa = PBXFileReference; lastKnownFileType = sourcecode.swift; path = ThreadsUITestsLaunchTests.swift; sourceTree = "<group>"; };
/* End PBXFileReference section */

/* Begin PBXFrameworksBuildPhase section */
		A7219B0A2C2BCAFB001A94EB /* Frameworks */ = {
			isa = PBXFrameworksBuildPhase;
			buildActionMask = 2147483647;
			files = (
			);
			runOnlyForDeploymentPostprocessing = 0;
		};
		A7219B202C2BCAFE001A94EB /* Frameworks */ = {
			isa = PBXFrameworksBuildPhase;
			buildActionMask = 2147483647;
			files = (
			);
			runOnlyForDeploymentPostprocessing = 0;
		};
		A7219B2A2C2BCAFE001A94EB /* Frameworks */ = {
			isa = PBXFrameworksBuildPhase;
			buildActionMask = 2147483647;
			files = (
			);
			runOnlyForDeploymentPostprocessing = 0;
		};
/* End PBXFrameworksBuildPhase section */

/* Begin PBXGroup section */
		A7219B042C2BCAFB001A94EB = {
			isa = PBXGroup;
			children = (
				A7219B0F2C2BCAFB001A94EB /* Threads */,
				A7219B262C2BCAFE001A94EB /* ThreadsTests */,
				A7219B302C2BCAFE001A94EB /* ThreadsUITests */,
				A7219B0E2C2BCAFB001A94EB /* Products */,
			);
			sourceTree = "<group>";
		};
		A7219B0E2C2BCAFB001A94EB /* Products */ = {
			isa = PBXGroup;
			children = (
				A7219B0D2C2BCAFB001A94EB /* Threads.app */,
				A7219B232C2BCAFE001A94EB /* ThreadsTests.xctest */,
				A7219B2D2C2BCAFE001A94EB /* ThreadsUITests.xctest */,
			);
			name = Products;
			sourceTree = "<group>";
		};
		A7219B0F2C2BCAFB001A94EB /* Threads */ = {
			isa = PBXGroup;
			children = (
				A7219B102C2BCAFB001A94EB /* AppDelegate.swift */,
				A7219B122C2BCAFB001A94EB /* SceneDelegate.swift */,
				A7219B142C2BCAFB001A94EB /* ViewController.swift */,
				A7219B162C2BCAFB001A94EB /* Main.storyboard */,
				A7219B192C2BCAFD001A94EB /* Assets.xcassets */,
				A7219B1B2C2BCAFD001A94EB /* LaunchScreen.storyboard */,
				A7219B1E2C2BCAFD001A94EB /* Info.plist */,
			);
			path = Threads;
			sourceTree = "<group>";
		};
		A7219B262C2BCAFE001A94EB /* ThreadsTests */ = {
			isa = PBXGroup;
			children = (
				A7219B272C2BCAFE001A94EB /* ThreadsTests.swift */,
			);
			path = ThreadsTests;
			sourceTree = "<group>";
		};
		A7219B302C2BCAFE001A94EB /* ThreadsUITests */ = {
			isa = PBXGroup;
			children = (
				A7219B312C2BCAFE001A94EB /* ThreadsUITests.swift */,
				A7219B332C2BCAFE001A94EB /* ThreadsUITestsLaunchTests.swift */,
			);
			path = ThreadsUITests;
			sourceTree = "<group>";
		};
/* End PBXGroup section */

/* Begin PBXNativeTarget section */
		A7219B0C2C2BCAFB001A94EB /* Threads */ = {
			isa = PBXNativeTarget;
			buildConfigurationList = A7219B372C2BCAFE001A94EB /* Build configuration list for PBXNativeTarget "Threads" */;
			buildPhases = (
				A7219B092C2BCAFB001A94EB /* Sources */,
				A7219B0A2C2BCAFB001A94EB /* Frameworks */,
				A7219B0B2C2BCAFB001A94EB /* Resources */,
			);
			buildRules = (
			);
			dependencies = (
			);
			name = Threads;
			productName = Threads;
			productReference = A7219B0D2C2BCAFB001A94EB /* Threads.app */;
			productType = "com.apple.product-type.application";
		};
		A7219B222C2BCAFE001A94EB /* ThreadsTests */ = {
			isa = PBXNativeTarget;
			buildConfigurationList = A7219B3A2C2BCAFE001A94EB /* Build configuration list for PBXNativeTarget "ThreadsTests" */;
			buildPhases = (
				A7219B1F2C2BCAFE001A94EB /* Sources */,
				A7219B202C2BCAFE001A94EB /* Frameworks */,
				A7219B212C2BCAFE001A94EB /* Resources */,
			);
			buildRules = (
			);
			dependencies = (
				A7219B252C2BCAFE001A94EB /* PBXTargetDependency */,
			);
			name = ThreadsTests;
			productName = ThreadsTests;
			productReference = A7219B232C2BCAFE001A94EB /* ThreadsTests.xctest */;
			productType = "com.apple.product-type.bundle.unit-test";
		};
		A7219B2C2C2BCAFE001A94EB /* ThreadsUITests */ = {
			isa = PBXNativeTarget;
			buildConfigurationList = A7219B3D2C2BCAFE001A94EB /* Build configuration list for PBXNativeTarget "ThreadsUITests" */;
			buildPhases = (
				A7219B292C2BCAFE001A94EB /* Sources */,
				A7219B2A2C2BCAFE001A94EB /* Frameworks */,
				A7219B2B2C2BCAFE001A94EB /* Resources */,
			);
			buildRules = (
			);
			dependencies = (
				A7219B2F2C2BCAFE001A94EB /* PBXTargetDependency */,
			);
			name = ThreadsUITests;
			productName = ThreadsUITests;
			productReference = A7219B2D2C2BCAFE001A94EB /* ThreadsUITests.xctest */;
			productType = "com.apple.product-type.bundle.ui-testing";
		};
/* End PBXNativeTarget section */

/* Begin PBXProject section */
		A7219B052C2BCAFB001A94EB /* Project object */ = {
			isa = PBXProject;
			attributes = {
				BuildIndependentTargetsInParallel = 1;
				LastSwiftUpdateCheck = 1540;
				LastUpgradeCheck = 1540;
				TargetAttributes = {
					A7219B0C2C2BCAFB001A94EB = {
						CreatedOnToolsVersion = 15.4;
					};
					A7219B222C2BCAFE001A94EB = {
						CreatedOnToolsVersion = 15.4;
						TestTargetID = A7219B0C2C2BCAFB001A94EB;
					};
					A7219B2C2C2BCAFE001A94EB = {
						CreatedOnToolsVersion = 15.4;
						TestTargetID = A7219B0C2C2BCAFB001A94EB;
					};
				};
			};
			buildConfigurationList = A7219B082C2BCAFB001A94EB /* Build configuration list for PBXProject "Threads" */;
			compatibilityVersion = "Xcode 14.0";
			developmentRegion = en;
			hasScannedForEncodings = 0;
			knownRegions = (
				en,
				Base,
			);
			mainGroup = A7219B042C2BCAFB001A94EB;
			productRefGroup = A7219B0E2C2BCAFB001A94EB /* Products */;
			projectDirPath = "";
			projectRoot = "";
			targets = (
				A7219B0C2C2BCAFB001A94EB /* Threads */,
				A7219B222C2BCAFE001A94EB /* ThreadsTests */,
				A7219B2C2C2BCAFE001A94EB /* ThreadsUITests */,
			);
		};
/* End PBXProject section */

/* Begin PBXResourcesBuildPhase section */
		A7219B0B2C2BCAFB001A94EB /* Resources */ = {
			isa = PBXResourcesBuildPhase;
			buildActionMask = 2147483647;
			files = (
				A7219B1A2C2BCAFD001A94EB /* Assets.xcassets in Resources */,
				A7219B1D2C2BCAFD001A94EB /* Base in Resources */,
				A7219B182C2BCAFB001A94EB /* Base in Resources */,
			);
			runOnlyForDeploymentPostprocessing = 0;
		};
		A7219B212C2BCAFE001A94EB /* Resources */ = {
			isa = PBXResourcesBuildPhase;
			buildActionMask = 2147483647;
			files = (
			);
			runOnlyForDeploymentPostprocessing = 0;
		};
		A7219B2B2C2BCAFE001A94EB /* Resources */ = {
			isa = PBXResourcesBuildPhase;
			buildActionMask = 2147483647;
			files = (
			);
			runOnlyForDeploymentPostprocessing = 0;
		};
/* End PBXResourcesBuildPhase section */

/* Begin PBXSourcesBuildPhase section */
		A7219B092C2BCAFB001A94EB /* Sources */ = {
			isa = PBXSourcesBuildPhase;
			buildActionMask = 2147483647;
			files = (
				A7219B152C2BCAFB001A94EB /* ViewController.swift in Sources */,
				A7219B112C2BCAFB001A94EB /* AppDelegate.swift in Sources */,
				A7219B132C2BCAFB001A94EB /* SceneDelegate.swift in Sources */,
			);
			runOnlyForDeploymentPostprocessing = 0;
		};
		A7219B1F2C2BCAFE001A94EB /* Sources */ = {
			isa = PBXSourcesBuildPhase;
			buildActionMask = 2147483647;
			files = (
				A7219B282C2BCAFE001A94EB /* ThreadsTests.swift in Sources */,
			);
			runOnlyForDeploymentPostprocessing = 0;
		};
		A7219B292C2BCAFE001A94EB /* Sources */ = {
			isa = PBXSourcesBuildPhase;
			buildActionMask = 2147483647;
			files = (
				A7219B342C2BCAFE001A94EB /* ThreadsUITestsLaunchTests.swift in Sources */,
				A7219B322C2BCAFE001A94EB /* ThreadsUITests.swift in Sources */,
			);
			runOnlyForDeploymentPostprocessing = 0;
		};
/* End PBXSourcesBuildPhase section */

/* Begin PBXTargetDependency section */
		A7219B252C2BCAFE001A94EB /* PBXTargetDependency */ = {
			isa = PBXTargetDependency;
			target = A7219B0C2C2BCAFB001A94EB /* Threads */;
			targetProxy = A7219B242C2BCAFE001A94EB /* PBXContainerItemProxy */;
		};
		A7219B2F2C2BCAFE001A94EB /* PBXTargetDependency */ = {
			isa = PBXTargetDependency;
			target = A7219B0C2C2BCAFB001A94EB /* Threads */;
			targetProxy = A7219B2E2C2BCAFE001A94EB /* PBXContainerItemProxy */;
		};
/* End PBXTargetDependency section */

/* Begin PBXVariantGroup section */
		A7219B162C2BCAFB001A94EB /* Main.storyboard */ = {
			isa = PBXVariantGroup;
			children = (
				A7219B172C2BCAFB001A94EB /* Base */,
			);
			name = Main.storyboard;
			sourceTree = "<group>";
		};
		A7219B1B2C2BCAFD001A94EB /* LaunchScreen.storyboard */ = {
			isa = PBXVariantGroup;
			children = (
				A7219B1C2C2BCAFD001A94EB /* Base */,
			);
			name = LaunchScreen.storyboard;
			sourceTree = "<group>";
		};
/* End PBXVariantGroup section */

/* Begin XCBuildConfiguration section */
		A7219B352C2BCAFE001A94EB /* Debug */ = {
			isa = XCBuildConfiguration;
			buildSettings = {
				ALWAYS_SEARCH_USER_PATHS = NO;
				ASSETCATALOG_COMPILER_GENERATE_SWIFT_ASSET_SYMBOL_EXTENSIONS = YES;
				CLANG_ANALYZER_NONNULL = YES;
				CLANG_ANALYZER_NUMBER_OBJECT_CONVERSION = YES_AGGRESSIVE;
				CLANG_CXX_LANGUAGE_STANDARD = "gnu++20";
				CLANG_ENABLE_MODULES = YES;
				CLANG_ENABLE_OBJC_ARC = YES;
				CLANG_ENABLE_OBJC_WEAK = YES;
				CLANG_WARN_BLOCK_CAPTURE_AUTORELEASING = YES;
				CLANG_WARN_BOOL_CONVERSION = YES;
				CLANG_WARN_COMMA = YES;
				CLANG_WARN_CONSTANT_CONVERSION = YES;
				CLANG_WARN_DEPRECATED_OBJC_IMPLEMENTATIONS = YES;
				CLANG_WARN_DIRECT_OBJC_ISA_USAGE = YES_ERROR;
				CLANG_WARN_DOCUMENTATION_COMMENTS = YES;
				CLANG_WARN_EMPTY_BODY = YES;
				CLANG_WARN_ENUM_CONVERSION = YES;
				CLANG_WARN_INFINITE_RECURSION = YES;
				CLANG_WARN_INT_CONVERSION = YES;
				CLANG_WARN_NON_LITERAL_NULL_CONVERSION = YES;
				CLANG_WARN_OBJC_IMPLICIT_RETAIN_SELF = YES;
				CLANG_WARN_OBJC_LITERAL_CONVERSION = YES;
				CLANG_WARN_OBJC_ROOT_CLASS = YES_ERROR;
				CLANG_WARN_QUOTED_INCLUDE_IN_FRAMEWORK_HEADER = YES;
				CLANG_WARN_RANGE_LOOP_ANALYSIS = YES;
				CLANG_WARN_STRICT_PROTOTYPES = YES;
				CLANG_WARN_SUSPICIOUS_MOVE = YES;
				CLANG_WARN_UNGUARDED_AVAILABILITY = YES_AGGRESSIVE;
				CLANG_WARN_UNREACHABLE_CODE = YES;
				CLANG_WARN__DUPLICATE_METHOD_MATCH = YES;
				COPY_PHASE_STRIP = NO;
				DEBUG_INFORMATION_FORMAT = dwarf;
				ENABLE_STRICT_OBJC_MSGSEND = YES;
				ENABLE_TESTABILITY = YES;
				ENABLE_USER_SCRIPT_SANDBOXING = YES;
				GCC_C_LANGUAGE_STANDARD = gnu17;
				GCC_DYNAMIC_NO_PIC = NO;
				GCC_NO_COMMON_BLOCKS = YES;
				GCC_OPTIMIZATION_LEVEL = 0;
				GCC_PREPROCESSOR_DEFINITIONS = (
					"DEBUG=1",
					"$(inherited)",
				);
				GCC_WARN_64_TO_32_BIT_CONVERSION = YES;
				GCC_WARN_ABOUT_RETURN_TYPE = YES_ERROR;
				GCC_WARN_UNDECLARED_SELECTOR = YES;
				GCC_WARN_UNINITIALIZED_AUTOS = YES_AGGRESSIVE;
				GCC_WARN_UNUSED_FUNCTION = YES;
				GCC_WARN_UNUSED_VARIABLE = YES;
				IPHONEOS_DEPLOYMENT_TARGET = 17.5;
				LOCALIZATION_PREFERS_STRING_CATALOGS = YES;
				MTL_ENABLE_DEBUG_INFO = INCLUDE_SOURCE;
				MTL_FAST_MATH = YES;
				ONLY_ACTIVE_ARCH = YES;
				SDKROOT = iphoneos;
				SWIFT_ACTIVE_COMPILATION_CONDITIONS = "DEBUG $(inherited)";
				SWIFT_OPTIMIZATION_LEVEL = "-Onone";
			};
			name = Debug;
		};
		A7219B362C2BCAFE001A94EB /* Release */ = {
			isa = XCBuildConfiguration;
			buildSettings = {
				ALWAYS_SEARCH_USER_PATHS = NO;
				ASSETCATALOG_COMPILER_GENERATE_SWIFT_ASSET_SYMBOL_EXTENSIONS = YES;
				CLANG_ANALYZER_NONNULL = YES;
				CLANG_ANALYZER_NUMBER_OBJECT_CONVERSION = YES_AGGRESSIVE;
				CLANG_CXX_LANGUAGE_STANDARD = "gnu++20";
				CLANG_ENABLE_MODULES = YES;
				CLANG_ENABLE_OBJC_ARC = YES;
				CLANG_ENABLE_OBJC_WEAK = YES;
				CLANG_WARN_BLOCK_CAPTURE_AUTORELEASING = YES;
				CLANG_WARN_BOOL_CONVERSION = YES;
				CLANG_WARN_COMMA = YES;
				CLANG_WARN_CONSTANT_CONVERSION = YES;
				CLANG_WARN_DEPRECATED_OBJC_IMPLEMENTATIONS = YES;
				CLANG_WARN_DIRECT_OBJC_ISA_USAGE = YES_ERROR;
				CLANG_WARN_DOCUMENTATION_COMMENTS = YES;
				CLANG_WARN_EMPTY_BODY = YES;
				CLANG_WARN_ENUM_CONVERSION = YES;
				CLANG_WARN_INFINITE_RECURSION = YES;
				CLANG_WARN_INT_CONVERSION = YES;
				CLANG_WARN_NON_LITERAL_NULL_CONVERSION = YES;
				CLANG_WARN_OBJC_IMPLICIT_RETAIN_SELF = YES;
				CLANG_WARN_OBJC_LITERAL_CONVERSION = YES;
				CLANG_WARN_OBJC_ROOT_CLASS = YES_ERROR;
				CLANG_WARN_QUOTED_INCLUDE_IN_FRAMEWORK_HEADER = YES;
				CLANG_WARN_RANGE_LOOP_ANALYSIS = YES;
				CLANG_WARN_STRICT_PROTOTYPES = YES;
				CLANG_WARN_SUSPICIOUS_MOVE = YES;
				CLANG_WARN_UNGUARDED_AVAILABILITY = YES_AGGRESSIVE;
				CLANG_WARN_UNREACHABLE_CODE = YES;
				CLANG_WARN__DUPLICATE_METHOD_MATCH = YES;
				COPY_PHASE_STRIP = NO;
				DEBUG_INFORMATION_FORMAT = "dwarf-with-dsym";
				ENABLE_NS_ASSERTIONS = NO;
				ENABLE_STRICT_OBJC_MSGSEND = YES;
				ENABLE_USER_SCRIPT_SANDBOXING = YES;
				GCC_C_LANGUAGE_STANDARD = gnu17;
				GCC_NO_COMMON_BLOCKS = YES;
				GCC_WARN_64_TO_32_BIT_CONVERSION = YES;
				GCC_WARN_ABOUT_RETURN_TYPE = YES_ERROR;
				GCC_WARN_UNDECLARED_SELECTOR = YES;
				GCC_WARN_UNINITIALIZED_AUTOS = YES_AGGRESSIVE;
				GCC_WARN_UNUSED_FUNCTION = YES;
				GCC_WARN_UNUSED_VARIABLE = YES;
				IPHONEOS_DEPLOYMENT_TARGET = 17.5;
				LOCALIZATION_PREFERS_STRING_CATALOGS = YES;
				MTL_ENABLE_DEBUG_INFO = NO;
				MTL_FAST_MATH = YES;
				SDKROOT = iphoneos;
				SWIFT_COMPILATION_MODE = wholemodule;
				VALIDATE_PRODUCT = YES;
			};
			name = Release;
		};
		A7219B382C2BCAFE001A94EB /* Debug */ = {
			isa = XCBuildConfiguration;
			buildSettings = {
				ASSETCATALOG_COMPILER_APPICON_NAME = AppIcon;
				ASSETCATALOG_COMPILER_GLOBAL_ACCENT_COLOR_NAME = AccentColor;
				CODE_SIGN_STYLE = Automatic;
				CURRENT_PROJECT_VERSION = 1;
				DEVELOPMENT_TEAM = AGCK5XB62D;
				GENERATE_INFOPLIST_FILE = YES;
				INFOPLIST_FILE = Threads/Info.plist;
				INFOPLIST_KEY_UIApplicationSupportsIndirectInputEvents = YES;
				INFOPLIST_KEY_UILaunchStoryboardName = LaunchScreen;
				INFOPLIST_KEY_UIMainStoryboardFile = Main;
				INFOPLIST_KEY_UISupportedInterfaceOrientations_iPad = "UIInterfaceOrientationPortrait UIInterfaceOrientationPortraitUpsideDown UIInterfaceOrientationLandscapeLeft UIInterfaceOrientationLandscapeRight";
				INFOPLIST_KEY_UISupportedInterfaceOrientations_iPhone = "UIInterfaceOrientationPortrait UIInterfaceOrientationLandscapeLeft UIInterfaceOrientationLandscapeRight";
				LD_RUNPATH_SEARCH_PATHS = (
					"$(inherited)",
					"@executable_path/Frameworks",
				);
				MARKETING_VERSION = 1.0;
				PRODUCT_BUNDLE_IDENTIFIER = arya.Threads;
				PRODUCT_NAME = "$(TARGET_NAME)";
				SWIFT_EMIT_LOC_STRINGS = YES;
				SWIFT_VERSION = 5.0;
				TARGETED_DEVICE_FAMILY = "1,2";
			};
			name = Debug;
		};
		A7219B392C2BCAFE001A94EB /* Release */ = {
			isa = XCBuildConfiguration;
			buildSettings = {
				ASSETCATALOG_COMPILER_APPICON_NAME = AppIcon;
				ASSETCATALOG_COMPILER_GLOBAL_ACCENT_COLOR_NAME = AccentColor;
				CODE_SIGN_STYLE = Automatic;
				CURRENT_PROJECT_VERSION = 1;
				DEVELOPMENT_TEAM = AGCK5XB62D;
				GENERATE_INFOPLIST_FILE = YES;
				INFOPLIST_FILE = Threads/Info.plist;
				INFOPLIST_KEY_UIApplicationSupportsIndirectInputEvents = YES;
				INFOPLIST_KEY_UILaunchStoryboardName = LaunchScreen;
				INFOPLIST_KEY_UIMainStoryboardFile = Main;
				INFOPLIST_KEY_UISupportedInterfaceOrientations_iPad = "UIInterfaceOrientationPortrait UIInterfaceOrientationPortraitUpsideDown UIInterfaceOrientationLandscapeLeft UIInterfaceOrientationLandscapeRight";
				INFOPLIST_KEY_UISupportedInterfaceOrientations_iPhone = "UIInterfaceOrientationPortrait UIInterfaceOrientationLandscapeLeft UIInterfaceOrientationLandscapeRight";
				LD_RUNPATH_SEARCH_PATHS = (
					"$(inherited)",
					"@executable_path/Frameworks",
				);
				MARKETING_VERSION = 1.0;
				PRODUCT_BUNDLE_IDENTIFIER = arya.Threads;
				PRODUCT_NAME = "$(TARGET_NAME)";
				SWIFT_EMIT_LOC_STRINGS = YES;
				SWIFT_VERSION = 5.0;
				TARGETED_DEVICE_FAMILY = "1,2";
			};
			name = Release;
		};
		A7219B3B2C2BCAFE001A94EB /* Debug */ = {
			isa = XCBuildConfiguration;
			buildSettings = {
				ALWAYS_EMBED_SWIFT_STANDARD_LIBRARIES = YES;
				BUNDLE_LOADER = "$(TEST_HOST)";
				CODE_SIGN_STYLE = Automatic;
				CURRENT_PROJECT_VERSION = 1;
				DEVELOPMENT_TEAM = AGCK5XB62D;
				GENERATE_INFOPLIST_FILE = YES;
				IPHONEOS_DEPLOYMENT_TARGET = 17.5;
				MARKETING_VERSION = 1.0;
				PRODUCT_BUNDLE_IDENTIFIER = arya.ThreadsTests;
				PRODUCT_NAME = "$(TARGET_NAME)";
				SWIFT_EMIT_LOC_STRINGS = NO;
				SWIFT_VERSION = 5.0;
				TARGETED_DEVICE_FAMILY = "1,2";
				TEST_HOST = "$(BUILT_PRODUCTS_DIR)/Threads.app/$(BUNDLE_EXECUTABLE_FOLDER_PATH)/Threads";
			};
			name = Debug;
		};
		A7219B3C2C2BCAFE001A94EB /* Release */ = {
			isa = XCBuildConfiguration;
			buildSettings = {
				ALWAYS_EMBED_SWIFT_STANDARD_LIBRARIES = YES;
				BUNDLE_LOADER = "$(TEST_HOST)";
				CODE_SIGN_STYLE = Automatic;
				CURRENT_PROJECT_VERSION = 1;
				DEVELOPMENT_TEAM = AGCK5XB62D;
				GENERATE_INFOPLIST_FILE = YES;
				IPHONEOS_DEPLOYMENT_TARGET = 17.5;
				MARKETING_VERSION = 1.0;
				PRODUCT_BUNDLE_IDENTIFIER = arya.ThreadsTests;
				PRODUCT_NAME = "$(TARGET_NAME)";
				SWIFT_EMIT_LOC_STRINGS = NO;
				SWIFT_VERSION = 5.0;
				TARGETED_DEVICE_FAMILY = "1,2";
				TEST_HOST = "$(BUILT_PRODUCTS_DIR)/Threads.app/$(BUNDLE_EXECUTABLE_FOLDER_PATH)/Threads";
			};
			name = Release;
		};
		A7219B3E2C2BCAFE001A94EB /* Debug */ = {
			isa = XCBuildConfiguration;
			buildSettings = {
				ALWAYS_EMBED_SWIFT_STANDARD_LIBRARIES = YES;
				CODE_SIGN_STYLE = Automatic;
				CURRENT_PROJECT_VERSION = 1;
				DEVELOPMENT_TEAM = AGCK5XB62D;
				GENERATE_INFOPLIST_FILE = YES;
				MARKETING_VERSION = 1.0;
				PRODUCT_BUNDLE_IDENTIFIER = arya.ThreadsUITests;
				PRODUCT_NAME = "$(TARGET_NAME)";
				SWIFT_EMIT_LOC_STRINGS = NO;
				SWIFT_VERSION = 5.0;
				TARGETED_DEVICE_FAMILY = "1,2";
				TEST_TARGET_NAME = Threads;
			};
			name = Debug;
		};
		A7219B3F2C2BCAFE001A94EB /* Release */ = {
			isa = XCBuildConfiguration;
			buildSettings = {
				ALWAYS_EMBED_SWIFT_STANDARD_LIBRARIES = YES;
				CODE_SIGN_STYLE = Automatic;
				CURRENT_PROJECT_VERSION = 1;
				DEVELOPMENT_TEAM = AGCK5XB62D;
				GENERATE_INFOPLIST_FILE = YES;
				MARKETING_VERSION = 1.0;
				PRODUCT_BUNDLE_IDENTIFIER = arya.ThreadsUITests;
				PRODUCT_NAME = "$(TARGET_NAME)";
				SWIFT_EMIT_LOC_STRINGS = NO;
				SWIFT_VERSION = 5.0;
				TARGETED_DEVICE_FAMILY = "1,2";
				TEST_TARGET_NAME = Threads;
			};
			name = Release;
		};
/* End XCBuildConfiguration section */

/* Begin XCConfigurationList section */
		A7219B082C2BCAFB001A94EB /* Build configuration list for PBXProject "Threads" */ = {
			isa = XCConfigurationList;
			buildConfigurations = (
				A7219B352C2BCAFE001A94EB /* Debug */,
				A7219B362C2BCAFE001A94EB /* Release */,
			);
			defaultConfigurationIsVisible = 0;
			defaultConfigurationName = Release;
		};
		A7219B372C2BCAFE001A94EB /* Build configuration list for PBXNativeTarget "Threads" */ = {
			isa = XCConfigurationList;
			buildConfigurations = (
				A7219B382C2BCAFE001A94EB /* Debug */,
				A7219B392C2BCAFE001A94EB /* Release */,
			);
			defaultConfigurationIsVisible = 0;
			defaultConfigurationName = Release;
		};
		A7219B3A2C2BCAFE001A94EB /* Build configuration list for PBXNativeTarget "ThreadsTests" */ = {
			isa = XCConfigurationList;
			buildConfigurations = (
				A7219B3B2C2BCAFE001A94EB /* Debug */,
				A7219B3C2C2BCAFE001A94EB /* Release */,
			);
			defaultConfigurationIsVisible = 0;
			defaultConfigurationName = Release;
		};
		A7219B3D2C2BCAFE001A94EB /* Build configuration list for PBXNativeTarget "ThreadsUITests" */ = {
			isa = XCConfigurationList;
			buildConfigurations = (
				A7219B3E2C2BCAFE001A94EB /* Debug */,
				A7219B3F2C2BCAFE001A94EB /* Release */,
			);
			defaultConfigurationIsVisible = 0;
			defaultConfigurationName = Release;
		};
/* End XCConfigurationList section */
	};
	rootObject = A7219B052C2BCAFB001A94EB /* Project object */;
}
